
Microsoft Visual Studio Solution File, Format Version 12.00
# Visual Studio Version 16
VisualStudioVersion = 16.0.29613.14
MinimumVisualStudioVersion = 10.0.40219.1
Project("{FAE04EC0-301F-11D3-BF4B-00C04F79EFBC}") = "SCOM-CFU-GUI", "SCOM-CFU-GUI\SCOM-CFU-GUI.csproj", "{2B1CA93A-233D-41E8-82F0-8A535B3BB1A8}"
EndProject
Global
	GlobalSection(SolutionConfigurationPlatforms) = preSolution
		Debug|Any CPU = Debug|Any CPU
		Release|Any CPU = Release|Any CPU
	EndGlobalSection
	GlobalSection(ProjectConfigurationPlatforms) = postSolution
		{2B1CA93A-233D-41E8-82F0-8A535B3BB1A8}.Debug|Any CPU.ActiveCfg = Debug|Any CPU
		{2B1CA93A-233D-41E8-82F0-8A535B3BB1A8}.Debug|Any CPU.Build.0 = Debug|Any CPU
		{2B1CA93A-233D-41E8-82F0-8A535B3BB1A8}.Release|Any CPU.ActiveCfg = Release|Any CPU
		{2B1CA93A-233D-41E8-82F0-8A535B3BB1A8}.Release|Any CPU.Build.0 = Release|Any CPU
	EndGlobalSection
	GlobalSection(SolutionProperties) = preSolution
		HideSolutionNode = FALSE
	EndGlobalSection
	GlobalSection(ExtensibilityGlobals) = postSolution
		SolutionGuid = {98735C97-E045-4778-B849-DE373308C6E2}
	EndGlobalSection
EndGlobal
